
Microsoft Visual Studio Solution File, Format Version 12.00
# Visual Studio Version 16
VisualStudioVersion = 16.0.30011.22
MinimumVisualStudioVersion = 10.0.40219.1
Project("{FAE04EC0-301F-11D3-BF4B-00C04F79EFBC}") = "ExamplesAdvices.Tests", "ExamplesAdvices\ExamplesAdvices.Tests.csproj", "{84CB6EC8-1CC1-4F93-BB75-D5B5E2A4843A}"
EndProject
Project("{FAE04EC0-301F-11D3-BF4B-00C04F79EFBC}") = "ExamplesAdvices.Core", "ExamplesAdvices.Core\ExamplesAdvices.Core.csproj", "{31AEDA31-0E48-4D59-9132-5AC134040878}"
EndProject
Global
	GlobalSection(SolutionConfigurationPlatforms) = preSolution
		Debug|Any CPU = Debug|Any CPU
		Release|Any CPU = Release|Any CPU
	EndGlobalSection
	GlobalSection(ProjectConfigurationPlatforms) = postSolution
		{84CB6EC8-1CC1-4F93-BB75-D5B5E2A4843A}.Debug|Any CPU.ActiveCfg = Debug|Any CPU
		{84CB6EC8-1CC1-4F93-BB75-D5B5E2A4843A}.Debug|Any CPU.Build.0 = Debug|Any CPU
		{84CB6EC8-1CC1-4F93-BB75-D5B5E2A4843A}.Release|Any CPU.ActiveCfg = Release|Any CPU
		{84CB6EC8-1CC1-4F93-BB75-D5B5E2A4843A}.Release|Any CPU.Build.0 = Release|Any CPU
		{31AEDA31-0E48-4D59-9132-5AC134040878}.Debug|Any CPU.ActiveCfg = Debug|Any CPU
		{31AEDA31-0E48-4D59-9132-5AC134040878}.Debug|Any CPU.Build.0 = Debug|Any CPU
		{31AEDA31-0E48-4D59-9132-5AC134040878}.Release|Any CPU.ActiveCfg = Release|Any CPU
		{31AEDA31-0E48-4D59-9132-5AC134040878}.Release|Any CPU.Build.0 = Release|Any CPU
	EndGlobalSection
	GlobalSection(SolutionProperties) = preSolution
		HideSolutionNode = FALSE
	EndGlobalSection
	GlobalSection(ExtensibilityGlobals) = postSolution
		SolutionGuid = {D2B9DC14-3E5B-490C-AB32-F438ECB0CC7B}
	EndGlobalSection
EndGlobal
